
Microsoft Visual Studio Solution File, Format Version 12.00
# Visual Studio Version 17
VisualStudioVersion = 17.10.35122.118
MinimumVisualStudioVersion = 10.0.40219.1
Project("{FAE04EC0-301F-11D3-BF4B-00C04F79EFBC}") = "TypeFaster.ConsoleApp", "TypeFaster.ConsoleApp\TypeFaster.ConsoleApp.csproj", "{DDD1AD75-FD00-4622-AD01-F4853CAB4A65}"
EndProject
Global
	GlobalSection(SolutionConfigurationPlatforms) = preSolution
		Debug|Any CPU = Debug|Any CPU
		Release|Any CPU = Release|Any CPU
	EndGlobalSection
	GlobalSection(ProjectConfigurationPlatforms) = postSolution
		{DDD1AD75-FD00-4622-AD01-F4853CAB4A65}.Debug|Any CPU.ActiveCfg = Debug|Any CPU
		{DDD1AD75-FD00-4622-AD01-F4853CAB4A65}.Debug|Any CPU.Build.0 = Debug|Any CPU
		{DDD1AD75-FD00-4622-AD01-F4853CAB4A65}.Release|Any CPU.ActiveCfg = Release|Any CPU
		{DDD1AD75-FD00-4622-AD01-F4853CAB4A65}.Release|Any CPU.Build.0 = Release|Any CPU
	EndGlobalSection
	GlobalSection(SolutionProperties) = preSolution
		HideSolutionNode = FALSE
	EndGlobalSection
	GlobalSection(ExtensibilityGlobals) = postSolution
		SolutionGuid = {0FB1F5FF-F7E8-4BB6-B9AF-431C64458B95}
	EndGlobalSection
EndGlobal
